
Microsoft Visual Studio Solution File, Format Version 12.00
# Visual Studio Version 16
VisualStudioVersion = 16.0.30204.135
MinimumVisualStudioVersion = 10.0.40219.1
Project("{9A19103F-16F7-4668-BE54-9A1E7A4F7556}") = "SkillsAssessment", "SkillsAssessment.csproj", "{D12142E8-831E-4B1F-98A2-97C5AAF2D9BE}"
EndProject
Project("{FAE04EC0-301F-11D3-BF4B-00C04F79EFBC}") = "SkillsAssessment_Mobile", "..\SkillsAssessment_Mobile\SkillsAssessment_Mobile.csproj", "{8AD28119-1D58-4923-B2DA-EDFD49D70596}"
EndProject
Global
	GlobalSection(SolutionConfigurationPlatforms) = preSolution
		Debug|Any CPU = Debug|Any CPU
		Release|Any CPU = Release|Any CPU
	EndGlobalSection
	GlobalSection(ProjectConfigurationPlatforms) = postSolution
		{D12142E8-831E-4B1F-98A2-97C5AAF2D9BE}.Debug|Any CPU.ActiveCfg = Debug|Any CPU
		{D12142E8-831E-4B1F-98A2-97C5AAF2D9BE}.Debug|Any CPU.Build.0 = Debug|Any CPU
		{D12142E8-831E-4B1F-98A2-97C5AAF2D9BE}.Release|Any CPU.ActiveCfg = Release|Any CPU
		{D12142E8-831E-4B1F-98A2-97C5AAF2D9BE}.Release|Any CPU.Build.0 = Release|Any CPU
		{8AD28119-1D58-4923-B2DA-EDFD49D70596}.Debug|Any CPU.ActiveCfg = Debug|Any CPU
		{8AD28119-1D58-4923-B2DA-EDFD49D70596}.Debug|Any CPU.Build.0 = Debug|Any CPU
		{8AD28119-1D58-4923-B2DA-EDFD49D70596}.Release|Any CPU.ActiveCfg = Release|Any CPU
		{8AD28119-1D58-4923-B2DA-EDFD49D70596}.Release|Any CPU.Build.0 = Release|Any CPU
	EndGlobalSection
	GlobalSection(SolutionProperties) = preSolution
		HideSolutionNode = FALSE
	EndGlobalSection
	GlobalSection(ExtensibilityGlobals) = postSolution
		SolutionGuid = {B88F666E-194A-4133-B137-5E0E2304C254}
	EndGlobalSection
EndGlobal
